
Microsoft Visual Studio Solution File, Format Version 12.00
# Visual Studio Version 17
VisualStudioVersion = 17.0.31903.59
MinimumVisualStudioVersion = 10.0.40219.1
Project("{2150E333-8FDC-42A3-9474-1A3956D46DE8}") = "Host", "Host", "{7226ABEA-787E-1D09-10EA-A2ECF996D6A6}"
EndProject
Project("{FAE04EC0-301F-11D3-BF4B-00C04F79EFBC}") = "RemoteDesktop.Host", "Host\RemoteDesktop.Host\RemoteDesktop.Host.csproj", "{59C1EE64-280B-4331-9D82-73FB2B39D6A0}"
EndProject
Project("{2150E333-8FDC-42A3-9474-1A3956D46DE8}") = "Core", "Core", "{39CDA9E2-ED1A-4742-8F17-A8E9584CB075}"
EndProject
Project("{FAE04EC0-301F-11D3-BF4B-00C04F79EFBC}") = "RemoteDesktop.Core", "Core\RemoteDesktop.Core\RemoteDesktop.Core.csproj", "{FC0FF228-8074-4E53-B534-8B1BB4F410CC}"
EndProject
Project("{2150E333-8FDC-42A3-9474-1A3956D46DE8}") = "Protocol", "Protocol", "{5B7FAAF3-FD06-4DD7-92C9-9011439A41AE}"
EndProject
Project("{FAE04EC0-301F-11D3-BF4B-00C04F79EFBC}") = "RemoteDesktop.Protocol", "Protocol\RemoteDesktop.Protocol\RemoteDesktop.Protocol.csproj", "{08E95C2C-87A2-48F6-87A6-637C4AD71AB0}"
EndProject
Project("{2150E333-8FDC-42A3-9474-1A3956D46DE8}") = "Client", "Client", "{FBAB05BE-0BC5-4088-AE5B-BD7D9D5A0235}"
EndProject
Project("{FAE04EC0-301F-11D3-BF4B-00C04F79EFBC}") = "RemoteDesktop.Client", "Client\RemoteDesktop.Client\RemoteDesktop.Client.csproj", "{520971AD-48BF-4469-89BE-F62DF8690E16}"
EndProject
Project("{FAE04EC0-301F-11D3-BF4B-00C04F79EFBC}") = "RemoteDesktop.Host.Engine", "Host\RemoteDesktop.Host.Engine\RemoteDesktop.Host.Engine.csproj", "{E87C6F04-F09B-4297-8635-2755AFC7B5FC}"
EndProject
Project("{2150E333-8FDC-42A3-9474-1A3956D46DE8}") = "Tests", "Tests", "{21D072FB-7800-4C7E-B749-A5FE7AAB1164}"
EndProject
Project("{FAE04EC0-301F-11D3-BF4B-00C04F79EFBC}") = "RemoteDesktop.Tests", "Tests\RemoteDesktop.Tests\RemoteDesktop.Tests.csproj", "{7A4D27E0-F06F-468D-8948-F620C548611C}"
EndProject
Project("{2150E333-8FDC-42A3-9474-1A3956D46DE8}") = "signaling", "signaling", "{EBBDC41D-1C8D-4536-AA98-0B08CB72E3EB}"
EndProject
Project("{FAE04EC0-301F-11D3-BF4B-00C04F79EFBC}") = "Signaling.Server", "..\signaling\Signaling.Server\Signaling.Server.csproj", "{DD7E8B2C-6FEE-423A-9760-923E9BC4A245}"
EndProject
Project("{2150E333-8FDC-42A3-9474-1A3956D46DE8}") = "Transport", "Transport", "{D4AC7E02-B3A1-4B61-ACA1-5245E99C54CE}"
EndProject
Project("{FAE04EC0-301F-11D3-BF4B-00C04F79EFBC}") = "RemoteDesktop.Transport.WebRtc", "Transport\RemoteDesktop.Transport.WebRtc\RemoteDesktop.Transport.WebRtc.csproj", "{39C1707F-8302-4414-92D1-157971BC989C}"
EndProject
Project("{2150E333-8FDC-42A3-9474-1A3956D46DE8}") = "Media", "Media", "{A533C900-040B-4BA9-9C77-3CE6FA50179B}"
EndProject
Project("{FAE04EC0-301F-11D3-BF4B-00C04F79EFBC}") = "RemoteDesktop.Media", "Media\RemoteDesktop.Media\RemoteDesktop.Media.csproj", "{D1FC27FB-517C-40B3-A9D2-BFEA06B38D07}"
EndProject
Global
	GlobalSection(SolutionConfigurationPlatforms) = preSolution
		Debug|Any CPU = Debug|Any CPU
		Debug|x64 = Debug|x64
		Debug|x86 = Debug|x86
		Release|Any CPU = Release|Any CPU
		Release|x64 = Release|x64
		Release|x86 = Release|x86
	EndGlobalSection
	GlobalSection(ProjectConfigurationPlatforms) = postSolution
		{59C1EE64-280B-4331-9D82-73FB2B39D6A0}.Debug|Any CPU.ActiveCfg = Debug|Any CPU
		{59C1EE64-280B-4331-9D82-73FB2B39D6A0}.Debug|Any CPU.Build.0 = Debug|Any CPU
		{59C1EE64-280B-4331-9D82-73FB2B39D6A0}.Debug|x64.ActiveCfg = Debug|Any CPU
		{59C1EE64-280B-4331-9D82-73FB2B39D6A0}.Debug|x64.Build.0 = Debug|Any CPU
		{59C1EE64-280B-4331-9D82-73FB2B39D6A0}.Debug|x86.ActiveCfg = Debug|Any CPU
		{59C1EE64-280B-4331-9D82-73FB2B39D6A0}.Debug|x86.Build.0 = Debug|Any CPU
		{59C1EE64-280B-4331-9D82-73FB2B39D6A0}.Release|Any CPU.ActiveCfg = Release|Any CPU
		{59C1EE64-280B-4331-9D82-73FB2B39D6A0}.Release|Any CPU.Build.0 = Release|Any CPU
		{59C1EE64-280B-4331-9D82-73FB2B39D6A0}.Release|x64.ActiveCfg = Release|Any CPU
		{59C1EE64-280B-4331-9D82-73FB2B39D6A0}.Release|x64.Build.0 = Release|Any CPU
		{59C1EE64-280B-4331-9D82-73FB2B39D6A0}.Release|x86.ActiveCfg = Release|Any CPU
		{59C1EE64-280B-4331-9D82-73FB2B39D6A0}.Release|x86.Build.0 = Release|Any CPU
		{FC0FF228-8074-4E53-B534-8B1BB4F410CC}.Debug|Any CPU.ActiveCfg = Debug|Any CPU
		{FC0FF228-8074-4E53-B534-8B1BB4F410CC}.Debug|Any CPU.Build.0 = Debug|Any CPU
		{FC0FF228-8074-4E53-B534-8B1BB4F410CC}.Debug|x64.ActiveCfg = Debug|Any CPU
		{FC0FF228-8074-4E53-B534-8B1BB4F410CC}.Debug|x64.Build.0 = Debug|Any CPU
		{FC0FF228-8074-4E53-B534-8B1BB4F410CC}.Debug|x86.ActiveCfg = Debug|Any CPU
		{FC0FF228-8074-4E53-B534-8B1BB4F410CC}.Debug|x86.Build.0 = Debug|Any CPU
		{FC0FF228-8074-4E53-B534-8B1BB4F410CC}.Release|Any CPU.ActiveCfg = Release|Any CPU
		{FC0FF228-8074-4E53-B534-8B1BB4F410CC}.Release|Any CPU.Build.0 = Release|Any CPU
		{FC0FF228-8074-4E53-B534-8B1BB4F410CC}.Release|x64.ActiveCfg = Release|Any CPU
		{FC0FF228-8074-4E53-B534-8B1BB4F410CC}.Release|x64.Build.0 = Release|Any CPU
		{FC0FF228-8074-4E53-B534-8B1BB4F410CC}.Release|x86.ActiveCfg = Release|Any CPU
		{FC0FF228-8074-4E53-B534-8B1BB4F410CC}.Release|x86.Build.0 = Release|Any CPU
		{08E95C2C-87A2-48F6-87A6-637C4AD71AB0}.Debug|Any CPU.ActiveCfg = Debug|Any CPU
		{08E95C2C-87A2-48F6-87A6-637C4AD71AB0}.Debug|Any CPU.Build.0 = Debug|Any CPU
		{08E95C2C-87A2-48F6-87A6-637C4AD71AB0}.Debug|x64.ActiveCfg = Debug|Any CPU
		{08E95C2C-87A2-48F6-87A6-637C4AD71AB0}.Debug|x64.Build.0 = Debug|Any CPU
		{08E95C2C-87A2-48F6-87A6-637C4AD71AB0}.Debug|x86.ActiveCfg = Debug|Any CPU
		{08E95C2C-87A2-48F6-87A6-637C4AD71AB0}.Debug|x86.Build.0 = Debug|Any CPU
		{08E95C2C-87A2-48F6-87A6-637C4AD71AB0}.Release|Any CPU.ActiveCfg = Release|Any CPU
		{08E95C2C-87A2-48F6-87A6-637C4AD71AB0}.Release|Any CPU.Build.0 = Release|Any CPU
		{08E95C2C-87A2-48F6-87A6-637C4AD71AB0}.Release|x64.ActiveCfg = Release|Any CPU
		{08E95C2C-87A2-48F6-87A6-637C4AD71AB0}.Release|x64.Build.0 = Release|Any CPU
		{08E95C2C-87A2-48F6-87A6-637C4AD71AB0}.Release|x86.ActiveCfg = Release|Any CPU
		{08E95C2C-87A2-48F6-87A6-637C4AD71AB0}.Release|x86.Build.0 = Release|Any CPU
		{520971AD-48BF-4469-89BE-F62DF8690E16}.Debug|Any CPU.ActiveCfg = Debug|Any CPU
		{520971AD-48BF-4469-89BE-F62DF8690E16}.Debug|Any CPU.Build.0 = Debug|Any CPU
		{520971AD-48BF-4469-89BE-F62DF8690E16}.Debug|x64.ActiveCfg = Debug|Any CPU
		{520971AD-48BF-4469-89BE-F62DF8690E16}.Debug|x64.Build.0 = Debug|Any CPU
		{520971AD-48BF-4469-89BE-F62DF8690E16}.Debug|x86.ActiveCfg = Debug|Any CPU
		{520971AD-48BF-4469-89BE-F62DF8690E16}.Debug|x86.Build.0 = Debug|Any CPU
		{520971AD-48BF-4469-89BE-F62DF8690E16}.Release|Any CPU.ActiveCfg = Release|Any CPU
		{520971AD-48BF-4469-89BE-F62DF8690E16}.Release|Any CPU.Build.0 = Release|Any CPU
		{520971AD-48BF-4469-89BE-F62DF8690E16}.Release|x64.ActiveCfg = Release|Any CPU
		{520971AD-48BF-4469-89BE-F62DF8690E16}.Release|x64.Build.0 = Release|Any CPU
		{520971AD-48BF-4469-89BE-F62DF8690E16}.Release|x86.ActiveCfg = Release|Any CPU
		{520971AD-48BF-4469-89BE-F62DF8690E16}.Release|x86.Build.0 = Release|Any CPU
		{E87C6F04-F09B-4297-8635-2755AFC7B5FC}.Debug|Any CPU.ActiveCfg = Debug|Any CPU
		{E87C6F04-F09B-4297-8635-2755AFC7B5FC}.Debug|Any CPU.Build.0 = Debug|Any CPU
		{E87C6F04-F09B-4297-8635-2755AFC7B5FC}.Debug|x64.ActiveCfg = Debug|Any CPU
		{E87C6F04-F09B-4297-8635-2755AFC7B5FC}.Debug|x64.Build.0 = Debug|Any CPU
		{E87C6F04-F09B-4297-8635-2755AFC7B5FC}.Debug|x86.ActiveCfg = Debug|Any CPU
		{E87C6F04-F09B-4297-8635-2755AFC7B5FC}.Debug|x86.Build.0 = Debug|Any CPU
		{E87C6F04-F09B-4297-8635-2755AFC7B5FC}.Release|Any CPU.ActiveCfg = Release|Any CPU
		{E87C6F04-F09B-4297-8635-2755AFC7B5FC}.Release|Any CPU.Build.0 = Release|Any CPU
		{E87C6F04-F09B-4297-8635-2755AFC7B5FC}.Release|x64.ActiveCfg = Release|Any CPU
		{E87C6F04-F09B-4297-8635-2755AFC7B5FC}.Release|x64.Build.0 = Release|Any CPU
		{E87C6F04-F09B-4297-8635-2755AFC7B5FC}.Release|x86.ActiveCfg = Release|Any CPU
		{E87C6F04-F09B-4297-8635-2755AFC7B5FC}.Release|x86.Build.0 = Release|Any CPU
		{7A4D27E0-F06F-468D-8948-F620C548611C}.Debug|Any CPU.ActiveCfg = Debug|Any CPU
		{7A4D27E0-F06F-468D-8948-F620C548611C}.Debug|Any CPU.Build.0 = Debug|Any CPU
		{7A4D27E0-F06F-468D-8948-F620C548611C}.Debug|x64.ActiveCfg = Debug|Any CPU
		{7A4D27E0-F06F-468D-8948-F620C548611C}.Debug|x64.Build.0 = Debug|Any CPU
		{7A4D27E0-F06F-468D-8948-F620C548611C}.Debug|x86.ActiveCfg = Debug|Any CPU
		{7A4D27E0-F06F-468D-8948-F620C548611C}.Debug|x86.Build.0 = Debug|Any CPU
		{7A4D27E0-F06F-468D-8948-F620C548611C}.Release|Any CPU.ActiveCfg = Release|Any CPU
		{7A4D27E0-F06F-468D-8948-F620C548611C}.Release|Any CPU.Build.0 = Release|Any CPU
		{7A4D27E0-F06F-468D-8948-F620C548611C}.Release|x64.ActiveCfg = Release|Any CPU
		{7A4D27E0-F06F-468D-8948-F620C548611C}.Release|x64.Build.0 = Release|Any CPU
		{7A4D27E0-F06F-468D-8948-F620C548611C}.Release|x86.ActiveCfg = Release|Any CPU
		{7A4D27E0-F06F-468D-8948-F620C548611C}.Release|x86.Build.0 = Release|Any CPU
		{DD7E8B2C-6FEE-423A-9760-923E9BC4A245}.Debug|Any CPU.ActiveCfg = Debug|Any CPU
		{DD7E8B2C-6FEE-423A-9760-923E9BC4A245}.Debug|Any CPU.Build.0 = Debug|Any CPU
		{DD7E8B2C-6FEE-423A-9760-923E9BC4A245}.Debug|x64.ActiveCfg = Debug|Any CPU
		{DD7E8B2C-6FEE-423A-9760-923E9BC4A245}.Debug|x64.Build.0 = Debug|Any CPU
		{DD7E8B2C-6FEE-423A-9760-923E9BC4A245}.Debug|x86.ActiveCfg = Debug|Any CPU
		{DD7E8B2C-6FEE-423A-9760-923E9BC4A245}.Debug|x86.Build.0 = Debug|Any CPU
		{DD7E8B2C-6FEE-423A-9760-923E9BC4A245}.Release|Any CPU.ActiveCfg = Release|Any CPU
		{DD7E8B2C-6FEE-423A-9760-923E9BC4A245}.Release|Any CPU.Build.0 = Release|Any CPU
		{DD7E8B2C-6FEE-423A-9760-923E9BC4A245}.Release|x64.ActiveCfg = Release|Any CPU
		{DD7E8B2C-6FEE-423A-9760-923E9BC4A245}.Release|x64.Build.0 = Release|Any CPU
		{DD7E8B2C-6FEE-423A-9760-923E9BC4A245}.Release|x86.ActiveCfg = Release|Any CPU
		{DD7E8B2C-6FEE-423A-9760-923E9BC4A245}.Release|x86.Build.0 = Release|Any CPU
		{39C1707F-8302-4414-92D1-157971BC989C}.Debug|Any CPU.ActiveCfg = Debug|Any CPU
		{39C1707F-8302-4414-92D1-157971BC989C}.Debug|Any CPU.Build.0 = Debug|Any CPU
		{39C1707F-8302-4414-92D1-157971BC989C}.Debug|x64.ActiveCfg = Debug|Any CPU
		{39C1707F-8302-4414-92D1-157971BC989C}.Debug|x64.Build.0 = Debug|Any CPU
		{39C1707F-8302-4414-92D1-157971BC989C}.Debug|x86.ActiveCfg = Debug|Any CPU
		{39C1707F-8302-4414-92D1-157971BC989C}.Debug|x86.Build.0 = Debug|Any CPU
		{39C1707F-8302-4414-92D1-157971BC989C}.Release|Any CPU.ActiveCfg = Release|Any CPU
		{39C1707F-8302-4414-92D1-157971BC989C}.Release|Any CPU.Build.0 = Release|Any CPU
		{39C1707F-8302-4414-92D1-157971BC989C}.Release|x64.ActiveCfg = Release|Any CPU
		{39C1707F-8302-4414-92D1-157971BC989C}.Release|x64.Build.0 = Release|Any CPU
		{39C1707F-8302-4414-92D1-157971BC989C}.Release|x86.ActiveCfg = Release|Any CPU
		{39C1707F-8302-4414-92D1-157971BC989C}.Release|x86.Build.0 = Release|Any CPU
		{D1FC27FB-517C-40B3-A9D2-BFEA06B38D07}.Debug|Any CPU.ActiveCfg = Debug|Any CPU
		{D1FC27FB-517C-40B3-A9D2-BFEA06B38D07}.Debug|Any CPU.Build.0 = Debug|Any CPU
		{D1FC27FB-517C-40B3-A9D2-BFEA06B38D07}.Debug|x64.ActiveCfg = Debug|Any CPU
		{D1FC27FB-517C-40B3-A9D2-BFEA06B38D07}.Debug|x64.Build.0 = Debug|Any CPU
		{D1FC27FB-517C-40B3-A9D2-BFEA06B38D07}.Debug|x86.ActiveCfg = Debug|Any CPU
		{D1FC27FB-517C-40B3-A9D2-BFEA06B38D07}.Debug|x86.Build.0 = Debug|Any CPU
		{D1FC27FB-517C-40B3-A9D2-BFEA06B38D07}.Release|Any CPU.ActiveCfg = Release|Any CPU
		{D1FC27FB-517C-40B3-A9D2-BFEA06B38D07}.Release|Any CPU.Build.0 = Release|Any CPU
		{D1FC27FB-517C-40B3-A9D2-BFEA06B38D07}.Release|x64.ActiveCfg = Release|Any CPU
		{D1FC27FB-517C-40B3-A9D2-BFEA06B38D07}.Release|x64.Build.0 = Release|Any CPU
		{D1FC27FB-517C-40B3-A9D2-BFEA06B38D07}.Release|x86.ActiveCfg = Release|Any CPU
		{D1FC27FB-517C-40B3-A9D2-BFEA06B38D07}.Release|x86.Build.0 = Release|Any CPU
	EndGlobalSection
	GlobalSection(SolutionProperties) = preSolution
		HideSolutionNode = FALSE
	EndGlobalSection
	GlobalSection(NestedProjects) = preSolution
		{59C1EE64-280B-4331-9D82-73FB2B39D6A0} = {7226ABEA-787E-1D09-10EA-A2ECF996D6A6}
		{FC0FF228-8074-4E53-B534-8B1BB4F410CC} = {39CDA9E2-ED1A-4742-8F17-A8E9584CB075}
		{08E95C2C-87A2-48F6-87A6-637C4AD71AB0} = {5B7FAAF3-FD06-4DD7-92C9-9011439A41AE}
		{520971AD-48BF-4469-89BE-F62DF8690E16} = {FBAB05BE-0BC5-4088-AE5B-BD7D9D5A0235}
		{E87C6F04-F09B-4297-8635-2755AFC7B5FC} = {7226ABEA-787E-1D09-10EA-A2ECF996D6A6}
		{7A4D27E0-F06F-468D-8948-F620C548611C} = {21D072FB-7800-4C7E-B749-A5FE7AAB1164}
		{DD7E8B2C-6FEE-423A-9760-923E9BC4A245} = {EBBDC41D-1C8D-4536-AA98-0B08CB72E3EB}
		{39C1707F-8302-4414-92D1-157971BC989C} = {D4AC7E02-B3A1-4B61-ACA1-5245E99C54CE}
		{D1FC27FB-517C-40B3-A9D2-BFEA06B38D07} = {A533C900-040B-4BA9-9C77-3CE6FA50179B}
	EndGlobalSection
EndGlobal
